<?xml version="1.0" encoding="utf-8"?>
<Project ToolsVersion="4.0" xmlns="http://schemas.microsoft.com/developer/msbuild/2003">
  <ItemGroup>
    <Filter Include="ソース ファイル">
      <UniqueIdentifier>{4FC737F1-C7A5-4376-A066-2A32D752A2FF}</UniqueIdentifier>
      <Extensions>cpp;c;cc;cxx;c++;cppm;ixx;def;odl;idl;hpj;bat;asm;asmx</Extensions>
    </Filter>
    <Filter Include="ヘッダー ファイル">
      <UniqueIdentifier>{93995380-89BD-4b04-88EB-625FBE52EBFB}</UniqueIdentifier>
      <Extensions>h;hh;hpp;hxx;h++;hm;inl;inc;ipp;xsd</Extensions>
    </Filter>
    <Filter Include="リソース ファイル">
      <UniqueIdentifier>{67DA6AB6-F800-4c08-8B7A-83BB121AAD01}</UniqueIdentifier>
      <Extensions>rc;ico;cur;bmp;dlg;rc2;rct;bin;rgs;gif;jpg;jpeg;jpe;resx;tiff;tif;png;wav;mfcribbon-ms</Extensions>
    </Filter>
    <Filter Include="ヘッダー ファイル\component">
      <UniqueIdentifier>{d1a3af94-2247-4a27-91cb-aac432ebca95}</UniqueIdentifier>
    </Filter>
    <Filter Include="ソース ファイル\character">
      <UniqueIdentifier>{54007844-9c5d-4d17-8542-975c30f3689e}</UniqueIdentifier>
    </Filter>
    <Filter Include="ヘッダー ファイル\charcter">
      <UniqueIdentifier>{bdf68808-7edd-4808-bed5-6c4fff293107}</UniqueIdentifier>
    </Filter>
    <Filter Include="ヘッダー ファイル\object">
      <UniqueIdentifier>{4c78f7c5-9df3-4440-87e1-2a607025ece7}</UniqueIdentifier>
    </Filter>
    <Filter Include="ソース ファイル\component">
      <UniqueIdentifier>{67aa0635-0723-4077-8bfe-bb5a09ef8b65}</UniqueIdentifier>
    </Filter>
    <Filter Include="ソース ファイル\manager">
      <UniqueIdentifier>{0c3a6993-4317-4b5a-9105-4702c441c046}</UniqueIdentifier>
    </Filter>
    <Filter Include="ヘッダー ファイル\manager">
      <UniqueIdentifier>{90e92070-8e54-4ad1-bc7f-b023e0a7c698}</UniqueIdentifier>
    </Filter>
    <Filter Include="ソース ファイル\scene">
      <UniqueIdentifier>{f847a9b9-0c00-4ffb-af8a-71eecd4df808}</UniqueIdentifier>
    </Filter>
    <Filter Include="ヘッダー ファイル\scene">
      <UniqueIdentifier>{23c204a6-dc0d-4c2a-bfc1-2b28c2f9ca02}</UniqueIdentifier>
    </Filter>
    <Filter Include="ソース ファイル\hit">
      <UniqueIdentifier>{d556a40f-c1bb-487b-8945-afab672e095a}</UniqueIdentifier>
    </Filter>
    <Filter Include="ヘッダー ファイル\hit">
      <UniqueIdentifier>{f8abd6dc-e36c-4858-bfd4-68bb2b9bfd66}</UniqueIdentifier>
    </Filter>
    <Filter Include="ソース ファイル\component\collision">
      <UniqueIdentifier>{3f9c9d5d-e6b2-4e3a-aea5-b7e71ca14c51}</UniqueIdentifier>
    </Filter>
    <Filter Include="ヘッダー ファイル\component\collision">
      <UniqueIdentifier>{bb1b13cf-a05f-46ba-9ce4-a071faba1592}</UniqueIdentifier>
    </Filter>
    <Filter Include="ヘッダー ファイル\state">
      <UniqueIdentifier>{c0537a8e-8d81-4cd8-b2fd-d42ae7a91dc8}</UniqueIdentifier>
    </Filter>
    <Filter Include="ヘッダー ファイル\state\player">
      <UniqueIdentifier>{30639152-c7dd-43ba-9355-7e3a4b12fdab}</UniqueIdentifier>
    </Filter>
    <Filter Include="ソース ファイル\state">
      <UniqueIdentifier>{f7d89ddc-6504-43b1-8855-be74da0ed661}</UniqueIdentifier>
    </Filter>
    <Filter Include="ソース ファイル\state\player">
      <UniqueIdentifier>{c24ade9a-ef3e-4772-8fbe-05f17ae3c08e}</UniqueIdentifier>
    </Filter>
    <Filter Include="ソース ファイル\debug">
      <UniqueIdentifier>{84d090cb-9eb2-475d-806a-730e848886cf}</UniqueIdentifier>
    </Filter>
    <Filter Include="ヘッダー ファイル\debug">
      <UniqueIdentifier>{4028ecad-d7c0-4d70-b7d2-66da947b5071}</UniqueIdentifier>
    </Filter>
    <Filter Include="ソース ファイル\state\ship">
      <UniqueIdentifier>{dc7b4f3f-109e-4d8e-8c06-6a196a9f3802}</UniqueIdentifier>
    </Filter>
    <Filter Include="ヘッダー ファイル\state\ship">
      <UniqueIdentifier>{7605f2b4-4b41-4563-b747-b2ac85b518f9}</UniqueIdentifier>
    </Filter>
    <Filter Include="ソース ファイル\component\ship">
      <UniqueIdentifier>{e1083b86-541f-4f0e-8eb0-f011b51d7bac}</UniqueIdentifier>
    </Filter>
    <Filter Include="ヘッダー ファイル\component\ship">
      <UniqueIdentifier>{58295d36-88f6-4ec3-9a26-8cdf38c9898d}</UniqueIdentifier>
    </Filter>
    <Filter Include="ソース ファイル\math">
      <UniqueIdentifier>{fe0bca49-626f-4983-884b-f4c5c9667397}</UniqueIdentifier>
    </Filter>
    <Filter Include="ソース ファイル\state\kraken">
      <UniqueIdentifier>{8c05d386-509b-487d-9951-a8ad1bbcf222}</UniqueIdentifier>
    </Filter>
    <Filter Include="ヘッダー ファイル\state\kraken">
      <UniqueIdentifier>{aac052d7-ada3-4221-8d26-f746afbeecf6}</UniqueIdentifier>
    </Filter>
    <Filter Include="ソース ファイル\component\kraken">
      <UniqueIdentifier>{d26c6ad9-ecfc-4ada-8771-0558277bf8fd}</UniqueIdentifier>
    </Filter>
    <Filter Include="ヘッダー ファイル\component\kraken">
      <UniqueIdentifier>{53a7679e-97bf-4da3-ae61-3a0c4b2d908c}</UniqueIdentifier>
    </Filter>
    <Filter Include="ヘッダー ファイル\math">
      <UniqueIdentifier>{50105db8-43f4-4dba-af7e-30fbc6fc40e5}</UniqueIdentifier>
    </Filter>
    <Filter Include="ヘッダー ファイル\meshshape">
      <UniqueIdentifier>{00c0f5c2-2537-4903-a43f-7903a285b031}</UniqueIdentifier>
    </Filter>
    <Filter Include="ソース ファイル\etc">
      <UniqueIdentifier>{9b1d0df5-3afa-479f-a099-65d994edac42}</UniqueIdentifier>
    </Filter>
    <Filter Include="ヘッダー ファイル\etc">
      <UniqueIdentifier>{362d1c6a-cf16-4e74-bf42-734fb9c9500d}</UniqueIdentifier>
    </Filter>
    <Filter Include="ソース ファイル\component\player">
      <UniqueIdentifier>{bc0aff6c-7ff6-4a1f-ab5a-9733e8807430}</UniqueIdentifier>
    </Filter>
    <Filter Include="ヘッダー ファイル\component\player">
      <UniqueIdentifier>{9b8c0ecb-81d1-4de4-ba0f-0fa520b69d0a}</UniqueIdentifier>
    </Filter>
    <Filter Include="ソース ファイル\exterior">
      <UniqueIdentifier>{3209a100-c63c-43df-ae8d-aba0ca979a06}</UniqueIdentifier>
    </Filter>
    <Filter Include="ヘッダー ファイル\exterior">
      <UniqueIdentifier>{7545a251-a404-4ae9-82a6-824802f30be8}</UniqueIdentifier>
    </Filter>
    <Filter Include="ソース ファイル\effect">
      <UniqueIdentifier>{1f6a1b8c-cbb0-47d5-aac1-197f119854eb}</UniqueIdentifier>
    </Filter>
    <Filter Include="ヘッダー ファイル\effect">
      <UniqueIdentifier>{6078df59-5169-4580-b364-6ea957576d67}</UniqueIdentifier>
    </Filter>
    <Filter Include="ソース ファイル\object">
      <UniqueIdentifier>{06f703ae-c296-46bb-8952-b04b74d47e64}</UniqueIdentifier>
    </Filter>
    <Filter Include="hlsl">
      <UniqueIdentifier>{b5ca0b02-2ccd-430d-878b-357b80e4516d}</UniqueIdentifier>
    </Filter>
    <Filter Include="ソース ファイル\button">
      <UniqueIdentifier>{9b1a087c-5a7f-455c-a347-c2ce2227b8e5}</UniqueIdentifier>
    </Filter>
    <Filter Include="ヘッダー ファイル\button">
      <UniqueIdentifier>{306f1636-fb88-497a-98b0-e3e56b05d08d}</UniqueIdentifier>
    </Filter>
    <Filter Include="json">
      <UniqueIdentifier>{29cd7d46-9d6f-4c52-a40c-fa594846eed1}</UniqueIdentifier>
    </Filter>
    <Filter Include="ソース ファイル\component\etc">
      <UniqueIdentifier>{4e43da9e-d96f-48ac-8c15-293181c5a761}</UniqueIdentifier>
    </Filter>
    <Filter Include="ヘッダー ファイル\component\etc">
      <UniqueIdentifier>{87f897db-89f8-4d8f-aed6-9bc090c05340}</UniqueIdentifier>
    </Filter>
    <Filter Include="ソース ファイル\shader">
      <UniqueIdentifier>{bf5e4cfb-15ec-4042-b63e-1766aeb0ee94}</UniqueIdentifier>
    </Filter>
    <Filter Include="ヘッダー ファイル\shader">
      <UniqueIdentifier>{1a97ac86-0332-42ab-8641-1a173d0c7c6f}</UniqueIdentifier>
    </Filter>
    <Filter Include="ソース ファイル\UI">
      <UniqueIdentifier>{d5645872-d4a7-418f-9561-1d04eb54ea4b}</UniqueIdentifier>
    </Filter>
    <Filter Include="ヘッダー ファイル\UI">
      <UniqueIdentifier>{4e9a6f97-a747-4456-95ea-529eb8c1cc63}</UniqueIdentifier>
    </Filter>
    <Filter Include="ソース ファイル\debug\meshshape">
      <UniqueIdentifier>{d95c8f8e-cf17-47e0-a8ea-de5acdbd7314}</UniqueIdentifier>
    </Filter>
  </ItemGroup>
  <ItemGroup>
    <ClInclude Include="player.h">
      <Filter>ヘッダー ファイル\charcter</Filter>
    </ClInclude>
    <ClInclude Include="object.h">
      <Filter>ヘッダー ファイル\object</Filter>
    </ClInclude>
    <ClInclude Include="object2D.h">
      <Filter>ヘッダー ファイル\object</Filter>
    </ClInclude>
    <ClInclude Include="object3D.h">
      <Filter>ヘッダー ファイル\object</Filter>
    </ClInclude>
    <ClInclude Include="objectBillboard.h">
      <Filter>ヘッダー ファイル\object</Filter>
    </ClInclude>
    <ClInclude Include="objectSkin.h">
      <Filter>ヘッダー ファイル\object</Filter>
    </ClInclude>
    <ClInclude Include="objectX.h">
      <Filter>ヘッダー ファイル\object</Filter>
    </ClInclude>
    <ClInclude Include="kraken.h">
      <Filter>ヘッダー ファイル\charcter</Filter>
    </ClInclude>
    <ClInclude Include="bone.h">
      <Filter>ヘッダー ファイル\etc</Filter>
    </ClInclude>
    <ClInclude Include="camera.h">
      <Filter>ヘッダー ファイル\etc</Filter>
    </ClInclude>
    <ClInclude Include="cylinder.h">
      <Filter>ヘッダー ファイル\etc</Filter>
    </ClInclude>
    <ClInclude Include="cylinderBG.h">
      <Filter>ヘッダー ファイル\etc</Filter>
    </ClInclude>
    <ClInclude Include="fade.h">
      <Filter>ヘッダー ファイル\etc</Filter>
    </ClInclude>
    <ClInclude Include="FIleName.h">
      <Filter>ヘッダー ファイル\etc</Filter>
    </ClInclude>
    <ClInclude Include="fontManager.h">
      <Filter>ヘッダー ファイル\etc</Filter>
    </ClInclude>
    <ClInclude Include="input.h">
      <Filter>ヘッダー ファイル\etc</Filter>
    </ClInclude>
    <ClInclude Include="json.hpp">
      <Filter>ヘッダー ファイル\etc</Filter>
    </ClInclude>
    <ClInclude Include="light.h">
      <Filter>ヘッダー ファイル\etc</Filter>
    </ClInclude>
    <ClInclude Include="line.h">
      <Filter>ヘッダー ファイル\etc</Filter>
    </ClInclude>
    <ClInclude Include="main.h">
      <Filter>ヘッダー ファイル\etc</Filter>
    </ClInclude>
    <ClInclude Include="pause.h">
      <Filter>ヘッダー ファイル\etc</Filter>
    </ClInclude>
    <ClInclude Include="pch.h">
      <Filter>ヘッダー ファイル\etc</Filter>
    </ClInclude>
    <ClInclude Include="porygon2D.h">
      <Filter>ヘッダー ファイル\etc</Filter>
    </ClInclude>
    <ClInclude Include="renderer.h">
      <Filter>ヘッダー ファイル\etc</Filter>
    </ClInclude>
    <ClInclude Include="resultRank.h">
      <Filter>ヘッダー ファイル\etc</Filter>
    </ClInclude>
    <ClInclude Include="score.h">
      <Filter>ヘッダー ファイル\etc</Filter>
    </ClInclude>
    <ClInclude Include="screen.h">
      <Filter>ヘッダー ファイル\etc</Filter>
    </ClInclude>
    <ClInclude Include="shadow.h">
      <Filter>ヘッダー ファイル\etc</Filter>
    </ClInclude>
    <ClInclude Include="shadowS.h">
      <Filter>ヘッダー ファイル\etc</Filter>
    </ClInclude>
    <ClInclude Include="ship.h">
      <Filter>ヘッダー ファイル\etc</Filter>
    </ClInclude>
    <ClInclude Include="sound.h">
      <Filter>ヘッダー ファイル\etc</Filter>
    </ClInclude>
    <ClInclude Include="sphere.h">
      <Filter>ヘッダー ファイル\etc</Filter>
    </ClInclude>
    <ClInclude Include="spherSky.h">
      <Filter>ヘッダー ファイル\etc</Filter>
    </ClInclude>
    <ClInclude Include="template.h">
      <Filter>ヘッダー ファイル\etc</Filter>
    </ClInclude>
    <ClInclude Include="texture.h">
      <Filter>ヘッダー ファイル\etc</Filter>
    </ClInclude>
    <ClInclude Include="timer.h">
      <Filter>ヘッダー ファイル\etc</Filter>
    </ClInclude>
    <ClInclude Include="titleLogo.h">
      <Filter>ヘッダー ファイル\etc</Filter>
    </ClInclude>
    <ClInclude Include="wall.h">
      <Filter>ヘッダー ファイル\etc</Filter>
    </ClInclude>
    <ClInclude Include="word.h">
      <Filter>ヘッダー ファイル\etc</Filter>
    </ClInclude>
    <ClInclude Include="managerCollision.h">
      <Filter>ヘッダー ファイル\manager</Filter>
    </ClInclude>
    <ClInclude Include="manager.h">
      <Filter>ヘッダー ファイル\manager</Filter>
    </ClInclude>
    <ClInclude Include="title.h">
      <Filter>ヘッダー ファイル\scene</Filter>
    </ClInclude>
    <ClInclude Include="result.h">
      <Filter>ヘッダー ファイル\scene</Filter>
    </ClInclude>
    <ClInclude Include="game.h">
      <Filter>ヘッダー ファイル\scene</Filter>
    </ClInclude>
    <ClInclude Include="hitResult.h">
      <Filter>ヘッダー ファイル\hit</Filter>
    </ClInclude>
    <ClInclude Include="hit.h">
      <Filter>ヘッダー ファイル\hit</Filter>
    </ClInclude>
    <ClInclude Include="statePlayerAttackPre.h">
      <Filter>ヘッダー ファイル\state\player</Filter>
    </ClInclude>
    <ClInclude Include="statePlayerMove.h">
      <Filter>ヘッダー ファイル\state\player</Filter>
    </ClInclude>
    <ClInclude Include="statePlayerNewtral.h">
      <Filter>ヘッダー ファイル\state\player</Filter>
    </ClInclude>
    <ClInclude Include="vector.h">
      <Filter>ヘッダー ファイル\math</Filter>
    </ClInclude>
    <ClInclude Include="easing.h">
      <Filter>ヘッダー ファイル\math</Filter>
    </ClInclude>
    <ClInclude Include="scene.h">
      <Filter>ヘッダー ファイル\scene</Filter>
    </ClInclude>
    <ClInclude Include="tutorial.h">
      <Filter>ヘッダー ファイル\scene</Filter>
    </ClInclude>
    <ClInclude Include="compCollision.h">
      <Filter>ヘッダー ファイル\component\collision</Filter>
    </ClInclude>
    <ClInclude Include="compCollisionShapeMesh.h">
      <Filter>ヘッダー ファイル\component\collision</Filter>
    </ClInclude>
    <ClInclude Include="compCollisionModel.h">
      <Filter>ヘッダー ファイル\component\collision</Filter>
    </ClInclude>
    <ClInclude Include="compCollisionShapeSpher.h">
      <Filter>ヘッダー ファイル\component\collision</Filter>
    </ClInclude>
    <ClInclude Include="stateBase.h">
      <Filter>ヘッダー ファイル\state</Filter>
    </ClInclude>
    <ClInclude Include="statePlayerJump.h">
      <Filter>ヘッダー ファイル\state\player</Filter>
    </ClInclude>
    <ClInclude Include="matrix.h">
      <Filter>ヘッダー ファイル\math</Filter>
    </ClInclude>
    <ClInclude Include="compCollisionShapeSpherTrigger.h">
      <Filter>ヘッダー ファイル\component\collision</Filter>
    </ClInclude>
    <ClInclude Include="debugproc.h">
      <Filter>ヘッダー ファイル\debug</Filter>
    </ClInclude>
    <ClInclude Include="debugPoint.h">
      <Filter>ヘッダー ファイル\debug</Filter>
    </ClInclude>
    <ClInclude Include="statePlayerAttackStop.h">
      <Filter>ヘッダー ファイル\state\player</Filter>
    </ClInclude>
    <ClInclude Include="statePlayerAttackRearGap.h">
      <Filter>ヘッダー ファイル\state\player</Filter>
    </ClInclude>
    <ClInclude Include="stateShipNewtral.h">
      <Filter>ヘッダー ファイル\state\ship</Filter>
    </ClInclude>
    <ClInclude Include="stateShipMove.h">
      <Filter>ヘッダー ファイル\state\ship</Filter>
    </ClInclude>
    <ClInclude Include="compShipVariable.h">
      <Filter>ヘッダー ファイル\component\ship</Filter>
    </ClInclude>
    <ClInclude Include="managerComponent.h">
      <Filter>ヘッダー ファイル\manager</Filter>
    </ClInclude>
    <ClInclude Include="stateKrakenNewtralHead.h">
      <Filter>ヘッダー ファイル\state\kraken</Filter>
    </ClInclude>
    <ClInclude Include="compKrakenSensing.h">
      <Filter>ヘッダー ファイル\component\kraken</Filter>
    </ClInclude>
    <ClInclude Include="resource.h">
      <Filter>リソース ファイル</Filter>
    </ClInclude>
    <ClInclude Include="compCollisionCapsuleTrigger.h">
      <Filter>ヘッダー ファイル\component\collision</Filter>
    </ClInclude>
    <ClInclude Include="myMath.h">
      <Filter>ヘッダー ファイル\math</Filter>
    </ClInclude>
    <ClInclude Include="debugCapsule.h">
      <Filter>ヘッダー ファイル\debug</Filter>
    </ClInclude>
    <ClInclude Include="shapeCapsule.h">
      <Filter>ヘッダー ファイル\meshshape</Filter>
    </ClInclude>
    <ClInclude Include="shapeSylinder.h">
      <Filter>ヘッダー ファイル\meshshape</Filter>
    </ClInclude>
    <ClInclude Include="shapeSpher.h">
      <Filter>ヘッダー ファイル\meshshape</Filter>
    </ClInclude>
    <ClInclude Include="quaternion.h">
      <Filter>ヘッダー ファイル\math</Filter>
    </ClInclude>
    <ClInclude Include="compHitPlayer.h">
      <Filter>ヘッダー ファイル\component\player</Filter>
    </ClInclude>
    <ClInclude Include="statePlayerAttackIng.h">
      <Filter>ヘッダー ファイル\state\player</Filter>
    </ClInclude>
    <ClInclude Include="statePlayerBlowoff.h">
      <Filter>ヘッダー ファイル\state\player</Filter>
    </ClInclude>
    <ClInclude Include="statePlayerGetup.h">
      <Filter>ヘッダー ファイル\state\player</Filter>
    </ClInclude>
    <ClInclude Include="resultGameOver.h">
      <Filter>ヘッダー ファイル\scene</Filter>
    </ClInclude>
    <ClInclude Include="resultGameClear.h">
      <Filter>ヘッダー ファイル\scene</Filter>
    </ClInclude>
    <ClInclude Include="ocean.h">
      <Filter>ヘッダー ファイル\exterior</Filter>
    </ClInclude>
    <ClInclude Include="effectBlood.h">
      <Filter>ヘッダー ファイル\effect</Filter>
    </ClInclude>
    <ClInclude Include="sceneTest.h">
      <Filter>ヘッダー ファイル\scene</Filter>
    </ClInclude>
    <ClInclude Include="button.h">
      <Filter>ヘッダー ファイル\button</Filter>
    </ClInclude>
    <ClInclude Include="start_button.h">
      <Filter>ヘッダー ファイル\button</Filter>
    </ClInclude>
    <ClInclude Include="EfffectSplash.h">
      <Filter>ヘッダー ファイル\effect</Filter>
    </ClInclude>
    <ClInclude Include="CompStateTentacleAttack.h">
      <Filter>ヘッダー ファイル\component\kraken</Filter>
    </ClInclude>
    <ClInclude Include="CompStateTentacleNewtral.h">
      <Filter>ヘッダー ファイル\component\kraken</Filter>
    </ClInclude>
    <ClInclude Include="compCorrection.h">
      <Filter>ヘッダー ファイル\component\etc</Filter>
    </ClInclude>
    <ClInclude Include="CompCounter.h">
      <Filter>ヘッダー ファイル\component\etc</Filter>
    </ClInclude>
    <ClInclude Include="compDamage.h">
      <Filter>ヘッダー ファイル\component\etc</Filter>
    </ClInclude>
    <ClInclude Include="compDrawPrimitive.h">
      <Filter>ヘッダー ファイル\component\etc</Filter>
    </ClInclude>
    <ClInclude Include="compGauge.h">
      <Filter>ヘッダー ファイル\component\etc</Filter>
    </ClInclude>
    <ClInclude Include="compHitBefore.h">
      <Filter>ヘッダー ファイル\component\etc</Filter>
    </ClInclude>
    <ClInclude Include="compInfo.h">
      <Filter>ヘッダー ファイル\component\etc</Filter>
    </ClInclude>
    <ClInclude Include="compLife.h">
      <Filter>ヘッダー ファイル\component\etc</Filter>
    </ClInclude>
    <ClInclude Include="compMeshField.h">
      <Filter>ヘッダー ファイル\component\etc</Filter>
    </ClInclude>
    <ClInclude Include="compModel.h">
      <Filter>ヘッダー ファイル\component\etc</Filter>
    </ClInclude>
    <ClInclude Include="compMotionSkin.h">
      <Filter>ヘッダー ファイル\component\etc</Filter>
    </ClInclude>
    <ClInclude Include="compMovement.h">
      <Filter>ヘッダー ファイル\component\etc</Filter>
    </ClInclude>
    <ClInclude Include="component.h">
      <Filter>ヘッダー ファイル\component\etc</Filter>
    </ClInclude>
    <ClInclude Include="compPartMotion.h">
      <Filter>ヘッダー ファイル\component\etc</Filter>
    </ClInclude>
    <ClInclude Include="CompPolygon2D.h">
      <Filter>ヘッダー ファイル\component\etc</Filter>
    </ClInclude>
    <ClInclude Include="compPolygon3D.h">
      <Filter>ヘッダー ファイル\component\etc</Filter>
    </ClInclude>
    <ClInclude Include="compStateMachine.h">
      <Filter>ヘッダー ファイル\component\etc</Filter>
    </ClInclude>
    <ClInclude Include="compTexture.h">
      <Filter>ヘッダー ファイル\component\etc</Filter>
    </ClInclude>
    <ClInclude Include="compTransfom.h">
      <Filter>ヘッダー ファイル\component\etc</Filter>
    </ClInclude>
    <ClInclude Include="compUpdateMotion.h">
      <Filter>ヘッダー ファイル\component\etc</Filter>
    </ClInclude>
    <ClInclude Include="compWeapon.h">
      <Filter>ヘッダー ファイル\component\etc</Filter>
    </ClInclude>
    <ClInclude Include="CompWord.h">
      <Filter>ヘッダー ファイル\component\etc</Filter>
    </ClInclude>
    <ClInclude Include="CompAddScorePlayer.h">
      <Filter>ヘッダー ファイル\component\player</Filter>
    </ClInclude>
    <ClInclude Include="CompPalamMaximumPlayer.h">
      <Filter>ヘッダー ファイル\component\player</Filter>
    </ClInclude>
    <ClInclude Include="CompLifeKraken.h">
      <Filter>ヘッダー ファイル\component\kraken</Filter>
    </ClInclude>
    <ClInclude Include="shader.h">
      <Filter>ヘッダー ファイル\shader</Filter>
    </ClInclude>
    <ClInclude Include="ShaderManager.h">
      <Filter>ヘッダー ファイル\shader</Filter>
    </ClInclude>
    <ClInclude Include="testEntity.h">
      <Filter>ヘッダー ファイル\etc</Filter>
    </ClInclude>
    <ClInclude Include="MoveGuideUI.h">
      <Filter>ヘッダー ファイル\UI</Filter>
    </ClInclude>
    <ClInclude Include="JumpGuideUI.h">
      <Filter>ヘッダー ファイル\UI</Filter>
    </ClInclude>
    <ClInclude Include="AttackGuideUI.h">
      <Filter>ヘッダー ファイル\UI</Filter>
    </ClInclude>
  </ItemGroup>
  <ItemGroup>
    <ClCompile Include="player.cpp">
      <Filter>ソース ファイル\character</Filter>
    </ClCompile>
    <ClCompile Include="object.cpp">
      <Filter>ソース ファイル\object</Filter>
    </ClCompile>
    <ClCompile Include="object2D.cpp">
      <Filter>ソース ファイル\object</Filter>
    </ClCompile>
    <ClCompile Include="object3D.cpp">
      <Filter>ソース ファイル\object</Filter>
    </ClCompile>
    <ClCompile Include="objectBillboard.cpp">
      <Filter>ソース ファイル\object</Filter>
    </ClCompile>
    <ClCompile Include="objectSkin.cpp">
      <Filter>ソース ファイル\object</Filter>
    </ClCompile>
    <ClCompile Include="objectX.cpp">
      <Filter>ソース ファイル\object</Filter>
    </ClCompile>
    <ClCompile Include="kraken.cpp">
      <Filter>ソース ファイル\character</Filter>
    </ClCompile>
    <ClCompile Include="word.cpp">
      <Filter>ソース ファイル\etc</Filter>
    </ClCompile>
    <ClCompile Include="camera.cpp">
      <Filter>ソース ファイル\etc</Filter>
    </ClCompile>
    <ClCompile Include="cylinder.cpp">
      <Filter>ソース ファイル\etc</Filter>
    </ClCompile>
    <ClCompile Include="cylinderBG.cpp">
      <Filter>ソース ファイル\etc</Filter>
    </ClCompile>
    <ClCompile Include="fade.cpp">
      <Filter>ソース ファイル\etc</Filter>
    </ClCompile>
    <ClCompile Include="fontManager.cpp">
      <Filter>ソース ファイル\etc</Filter>
    </ClCompile>
    <ClCompile Include="input.cpp">
      <Filter>ソース ファイル\etc</Filter>
    </ClCompile>
    <ClCompile Include="light.cpp">
      <Filter>ソース ファイル\etc</Filter>
    </ClCompile>
    <ClCompile Include="line.cpp">
      <Filter>ソース ファイル\etc</Filter>
    </ClCompile>
    <ClCompile Include="main.cpp">
      <Filter>ソース ファイル\etc</Filter>
    </ClCompile>
    <ClCompile Include="pause.cpp">
      <Filter>ソース ファイル\etc</Filter>
    </ClCompile>
    <ClCompile Include="pch.cpp">
      <Filter>ソース ファイル\etc</Filter>
    </ClCompile>
    <ClCompile Include="porygon2D.cpp">
      <Filter>ソース ファイル\etc</Filter>
    </ClCompile>
    <ClCompile Include="renderer.cpp">
      <Filter>ソース ファイル\etc</Filter>
    </ClCompile>
    <ClCompile Include="resultRank.cpp">
      <Filter>ソース ファイル\etc</Filter>
    </ClCompile>
    <ClCompile Include="score.cpp">
      <Filter>ソース ファイル\etc</Filter>
    </ClCompile>
    <ClCompile Include="screen.cpp">
      <Filter>ソース ファイル\etc</Filter>
    </ClCompile>
    <ClCompile Include="shadow.cpp">
      <Filter>ソース ファイル\etc</Filter>
    </ClCompile>
    <ClCompile Include="shadowS.cpp">
      <Filter>ソース ファイル\etc</Filter>
    </ClCompile>
    <ClCompile Include="ship.cpp">
      <Filter>ソース ファイル\etc</Filter>
    </ClCompile>
    <ClCompile Include="sound.cpp">
      <Filter>ソース ファイル\etc</Filter>
    </ClCompile>
    <ClCompile Include="sphere.cpp">
      <Filter>ソース ファイル\etc</Filter>
    </ClCompile>
    <ClCompile Include="tenplate.cpp">
      <Filter>ソース ファイル\etc</Filter>
    </ClCompile>
    <ClCompile Include="texture.cpp">
      <Filter>ソース ファイル\etc</Filter>
    </ClCompile>
    <ClCompile Include="timer.cpp">
      <Filter>ソース ファイル\etc</Filter>
    </ClCompile>
    <ClCompile Include="titleLogo.cpp">
      <Filter>ソース ファイル\etc</Filter>
    </ClCompile>
    <ClCompile Include="wall.cpp">
      <Filter>ソース ファイル\etc</Filter>
    </ClCompile>
    <ClCompile Include="managerCollision.cpp">
      <Filter>ソース ファイル\manager</Filter>
    </ClCompile>
    <ClCompile Include="manager.cpp">
      <Filter>ソース ファイル\manager</Filter>
    </ClCompile>
    <ClCompile Include="game.cpp">
      <Filter>ソース ファイル\scene</Filter>
    </ClCompile>
    <ClCompile Include="result.cpp">
      <Filter>ソース ファイル\scene</Filter>
    </ClCompile>
    <ClCompile Include="title.cpp">
      <Filter>ソース ファイル\scene</Filter>
    </ClCompile>
    <ClCompile Include="hit.cpp">
      <Filter>ソース ファイル\hit</Filter>
    </ClCompile>
    <ClCompile Include="statePlayerAttackPre.cpp">
      <Filter>ソース ファイル\state\player</Filter>
    </ClCompile>
    <ClCompile Include="statePlayerMove.cpp">
      <Filter>ソース ファイル\state\player</Filter>
    </ClCompile>
    <ClCompile Include="statePlayerNewtral.cpp">
      <Filter>ソース ファイル\state\player</Filter>
    </ClCompile>
    <ClCompile Include="vector.cpp">
      <Filter>ソース ファイル\math</Filter>
    </ClCompile>
    <ClCompile Include="easing.cpp">
      <Filter>ソース ファイル\math</Filter>
    </ClCompile>
    <ClCompile Include="scene.cpp">
      <Filter>ソース ファイル\scene</Filter>
    </ClCompile>
    <ClCompile Include="tutorial.cpp">
      <Filter>ソース ファイル\scene</Filter>
    </ClCompile>
    <ClCompile Include="compCollisionShapeSpher.cpp">
      <Filter>ソース ファイル\component\collision</Filter>
    </ClCompile>
    <ClCompile Include="compCollision.cpp">
      <Filter>ソース ファイル\component\collision</Filter>
    </ClCompile>
    <ClCompile Include="compCollisionModel.cpp">
      <Filter>ソース ファイル\component\collision</Filter>
    </ClCompile>
    <ClCompile Include="compCollisionShapeMesh.cpp">
      <Filter>ソース ファイル\component\collision</Filter>
    </ClCompile>
    <ClCompile Include="stateBase.cpp">
      <Filter>ソース ファイル\state</Filter>
    </ClCompile>
    <ClCompile Include="statePlayerJump.cpp">
      <Filter>ソース ファイル\state\player</Filter>
    </ClCompile>
    <ClCompile Include="matrix.cpp">
      <Filter>ソース ファイル\math</Filter>
    </ClCompile>
    <ClCompile Include="compCollisionShapeSpherTrigger.cpp">
      <Filter>ソース ファイル\component\collision</Filter>
    </ClCompile>
    <ClCompile Include="debugproc.cpp">
      <Filter>ソース ファイル\debug</Filter>
    </ClCompile>
    <ClCompile Include="debugPoint.cpp">
      <Filter>ソース ファイル\debug</Filter>
    </ClCompile>
    <ClCompile Include="statePlayerAttackStop.cpp">
      <Filter>ソース ファイル\state\player</Filter>
    </ClCompile>
    <ClCompile Include="statePlayerAttackRearGap.cpp">
      <Filter>ソース ファイル\state\player</Filter>
    </ClCompile>
    <ClCompile Include="stateShipNewtral.cpp">
      <Filter>ソース ファイル\state\ship</Filter>
    </ClCompile>
    <ClCompile Include="stateShipMove.cpp">
      <Filter>ソース ファイル\state\ship</Filter>
    </ClCompile>
    <ClCompile Include="compShipVariable.cpp">
      <Filter>ソース ファイル\component\ship</Filter>
    </ClCompile>
    <ClCompile Include="managerComponent.cpp">
      <Filter>ソース ファイル\manager</Filter>
    </ClCompile>
    <ClCompile Include="stateKrakenNewtralHead.cpp">
      <Filter>ソース ファイル\state\kraken</Filter>
    </ClCompile>
    <ClCompile Include="compKrakenSensing.cpp">
      <Filter>ソース ファイル\component\kraken</Filter>
    </ClCompile>
    <ClCompile Include="compCollisionCapsuleTrigger.cpp">
      <Filter>ソース ファイル\component\collision</Filter>
    </ClCompile>
    <ClCompile Include="myMath.cpp">
      <Filter>ソース ファイル\math</Filter>
    </ClCompile>
    <ClCompile Include="debugCapsule.cpp">
      <Filter>ソース ファイル\debug</Filter>
    </ClCompile>
    <ClCompile Include="shapeCapsule.cpp">
      <Filter>ソース ファイル\debug\meshshape</Filter>
    </ClCompile>
    <ClCompile Include="shapeSylinder.cpp">
      <Filter>ソース ファイル\debug\meshshape</Filter>
    </ClCompile>
    <ClCompile Include="shapeSpher.cpp">
      <Filter>ソース ファイル\debug\meshshape</Filter>
    </ClCompile>
    <ClCompile Include="quaternion.cpp">
      <Filter>ソース ファイル\math</Filter>
    </ClCompile>
    <ClCompile Include="compHitPlayer.cpp">
      <Filter>ソース ファイル\component\player</Filter>
    </ClCompile>
    <ClCompile Include="statePlayerAttackIng.cpp">
      <Filter>ソース ファイル\state\player</Filter>
    </ClCompile>
    <ClCompile Include="statePlayerBlowoff.cpp">
      <Filter>ソース ファイル\state\player</Filter>
    </ClCompile>
    <ClCompile Include="statePlayerGetup.cpp">
      <Filter>ソース ファイル\state\player</Filter>
    </ClCompile>
    <ClCompile Include="resultGameOver.cpp">
      <Filter>ソース ファイル\scene</Filter>
    </ClCompile>
    <ClCompile Include="resultGameClear.cpp">
      <Filter>ソース ファイル\scene</Filter>
    </ClCompile>
    <ClCompile Include="ocean.cpp">
      <Filter>ソース ファイル\exterior</Filter>
    </ClCompile>
    <ClCompile Include="effectBlood.cpp">
      <Filter>ソース ファイル\effect</Filter>
    </ClCompile>
    <ClCompile Include="sceneTest.cpp">
      <Filter>ソース ファイル\scene</Filter>
    </ClCompile>
    <ClCompile Include="sphereSky.cpp">
      <Filter>ソース ファイル\exterior</Filter>
    </ClCompile>
    <ClCompile Include="button.cpp">
      <Filter>ソース ファイル\button</Filter>
    </ClCompile>
    <ClCompile Include="StartButton.cpp">
      <Filter>ソース ファイル\button</Filter>
    </ClCompile>
    <ClCompile Include="EfffectSplash.cpp">
      <Filter>ソース ファイル\effect</Filter>
    </ClCompile>
    <ClCompile Include="CompStateTentacleAttack.cpp">
      <Filter>ソース ファイル\component\kraken</Filter>
    </ClCompile>
    <ClCompile Include="CompStateTentacleNewtral.cpp">
      <Filter>ソース ファイル\component\kraken</Filter>
    </ClCompile>
    <ClCompile Include="compCorrection.cpp">
      <Filter>ソース ファイル\component\etc</Filter>
    </ClCompile>
    <ClCompile Include="CompCounter.cpp">
      <Filter>ソース ファイル\component\etc</Filter>
    </ClCompile>
    <ClCompile Include="compDamage.cpp">
      <Filter>ソース ファイル\component\etc</Filter>
    </ClCompile>
    <ClCompile Include="compDrawPrimitive.cpp">
      <Filter>ソース ファイル\component\etc</Filter>
    </ClCompile>
    <ClCompile Include="compGauge.cpp">
      <Filter>ソース ファイル\component\etc</Filter>
    </ClCompile>
    <ClCompile Include="compHitBefore.cpp">
      <Filter>ソース ファイル\component\etc</Filter>
    </ClCompile>
    <ClCompile Include="compLife.cpp">
      <Filter>ソース ファイル\component\etc</Filter>
    </ClCompile>
    <ClCompile Include="compMeshField.cpp">
      <Filter>ソース ファイル\component\etc</Filter>
    </ClCompile>
    <ClCompile Include="compModel.cpp">
      <Filter>ソース ファイル\component\etc</Filter>
    </ClCompile>
    <ClCompile Include="compMotionSkin.cpp">
      <Filter>ソース ファイル\component\etc</Filter>
    </ClCompile>
    <ClCompile Include="compMovement.cpp">
      <Filter>ソース ファイル\component\etc</Filter>
    </ClCompile>
    <ClCompile Include="component.cpp">
      <Filter>ソース ファイル\component\etc</Filter>
    </ClCompile>
    <ClCompile Include="compPartMotion.cpp">
      <Filter>ソース ファイル\component\etc</Filter>
    </ClCompile>
    <ClCompile Include="CompPolygon2D.cpp">
      <Filter>ソース ファイル\component\etc</Filter>
    </ClCompile>
    <ClCompile Include="compPolygon3D.cpp">
      <Filter>ソース ファイル\component\etc</Filter>
    </ClCompile>
    <ClCompile Include="compStateMachine.cpp">
      <Filter>ソース ファイル\component\etc</Filter>
    </ClCompile>
    <ClCompile Include="compTexture.cpp">
      <Filter>ソース ファイル\component\etc</Filter>
    </ClCompile>
    <ClCompile Include="compTransfom.cpp">
      <Filter>ソース ファイル\component\etc</Filter>
    </ClCompile>
    <ClCompile Include="compUpdateMotion.cpp">
      <Filter>ソース ファイル\component\etc</Filter>
    </ClCompile>
    <ClCompile Include="compWeapon.cpp">
      <Filter>ソース ファイル\component\etc</Filter>
    </ClCompile>
    <ClCompile Include="CompWord.cpp">
      <Filter>ソース ファイル\component\etc</Filter>
    </ClCompile>
    <ClCompile Include="CompAddScorePlayer.cpp">
      <Filter>ソース ファイル\component\player</Filter>
    </ClCompile>
    <ClCompile Include="CompPalamMaximumPlayer.cpp">
      <Filter>ソース ファイル\component\player</Filter>
    </ClCompile>
    <ClCompile Include="CompLifeKraken.cpp">
      <Filter>ソース ファイル\component\kraken</Filter>
    </ClCompile>
    <ClCompile Include="shader.cpp">
      <Filter>ソース ファイル\shader</Filter>
    </ClCompile>
    <ClCompile Include="ShaderManager.cpp">
      <Filter>ソース ファイル\shader</Filter>
    </ClCompile>
    <ClCompile Include="testEntity.cpp">
      <Filter>ソース ファイル\etc</Filter>
    </ClCompile>
    <ClCompile Include="MoveGuideUI.cpp">
      <Filter>ソース ファイル\UI</Filter>
    </ClCompile>
    <ClCompile Include="JumpGuideUI.cpp">
      <Filter>ソース ファイル\UI</Filter>
    </ClCompile>
    <ClCompile Include="AttackGuideUI.cpp">
      <Filter>ソース ファイル\UI</Filter>
    </ClCompile>
  </ItemGroup>
  <ItemGroup>
    <ResourceCompile Include="Resource.rc">
      <Filter>リソース ファイル</Filter>
    </ResourceCompile>
  </ItemGroup>
  <ItemGroup>
    <None Include="ShaderHeader.hlsli">
      <Filter>hlsl</Filter>
    </None>
    <None Include="Resource.aps" />
  </ItemGroup>
  <ItemGroup>
    <FxCompile Include="base.hlsl">
      <Filter>hlsl</Filter>
    </FxCompile>
    <FxCompile Include="toon.hlsl">
      <Filter>hlsl</Filter>
    </FxCompile>
  </ItemGroup>
</Project>